
Microsoft Visual Studio Solution File, Format Version 12.00
# Visual Studio 14
VisualStudioVersion = 14.0.23107.0
MinimumVisualStudioVersion = 10.0.40219.1
Project("{FAE04EC0-301F-11D3-BF4B-00C04F79EFBC}") = "StatsAggregator", "StatsAggregator\StatsAggregator.csproj", "{4AB84FA4-609C-4FDB-81EB-E2342A9F0757}"
EndProject
Project("{FAE04EC0-301F-11D3-BF4B-00C04F79EFBC}") = "StatsAggregator.Tests", "StatsAggregator.Tests\StatsAggregator.Tests.csproj", "{F855C9ED-136F-4A40-9B69-681AE4872D78}"
EndProject
Global
	GlobalSection(SolutionConfigurationPlatforms) = preSolution
		Debug|Any CPU = Debug|Any CPU
		Release|Any CPU = Release|Any CPU
	EndGlobalSection
	GlobalSection(ProjectConfigurationPlatforms) = postSolution
		{4AB84FA4-609C-4FDB-81EB-E2342A9F0757}.Debug|Any CPU.ActiveCfg = Debug|Any CPU
		{4AB84FA4-609C-4FDB-81EB-E2342A9F0757}.Debug|Any CPU.Build.0 = Debug|Any CPU
		{4AB84FA4-609C-4FDB-81EB-E2342A9F0757}.Release|Any CPU.ActiveCfg = Release|Any CPU
		{4AB84FA4-609C-4FDB-81EB-E2342A9F0757}.Release|Any CPU.Build.0 = Release|Any CPU
		{F855C9ED-136F-4A40-9B69-681AE4872D78}.Debug|Any CPU.ActiveCfg = Debug|Any CPU
		{F855C9ED-136F-4A40-9B69-681AE4872D78}.Debug|Any CPU.Build.0 = Debug|Any CPU
		{F855C9ED-136F-4A40-9B69-681AE4872D78}.Release|Any CPU.ActiveCfg = Release|Any CPU
		{F855C9ED-136F-4A40-9B69-681AE4872D78}.Release|Any CPU.Build.0 = Release|Any CPU
	EndGlobalSection
	GlobalSection(SolutionProperties) = preSolution
		HideSolutionNode = FALSE
	EndGlobalSection
EndGlobal
